
Microsoft Visual Studio Solution File, Format Version 12.00
# Visual Studio Version 17
VisualStudioVersion = 17.7.34031.279
MinimumVisualStudioVersion = 10.0.40219.1
Project("{FAE04EC0-301F-11D3-BF4B-00C04F79EFBC}") = "P6_3_714220040", "P6_3_714220040\P6_3_714220040.csproj", "{DE9D2506-8923-4CAC-88A5-ACB65611476C}"
EndProject
Global
	GlobalSection(SolutionConfigurationPlatforms) = preSolution
		Debug|Any CPU = Debug|Any CPU
		Release|Any CPU = Release|Any CPU
	EndGlobalSection
	GlobalSection(ProjectConfigurationPlatforms) = postSolution
		{DE9D2506-8923-4CAC-88A5-ACB65611476C}.Debug|Any CPU.ActiveCfg = Debug|Any CPU
		{DE9D2506-8923-4CAC-88A5-ACB65611476C}.Debug|Any CPU.Build.0 = Debug|Any CPU
		{DE9D2506-8923-4CAC-88A5-ACB65611476C}.Release|Any CPU.ActiveCfg = Release|Any CPU
		{DE9D2506-8923-4CAC-88A5-ACB65611476C}.Release|Any CPU.Build.0 = Release|Any CPU
	EndGlobalSection
	GlobalSection(SolutionProperties) = preSolution
		HideSolutionNode = FALSE
	EndGlobalSection
	GlobalSection(ExtensibilityGlobals) = postSolution
		SolutionGuid = {AA1F8DCB-0038-4C19-9CC0-ACEC64709CA8}
	EndGlobalSection
EndGlobal
