
Microsoft Visual Studio Solution File, Format Version 12.00
# Visual Studio Version 17
VisualStudioVersion = 17.7.34031.279
MinimumVisualStudioVersion = 10.0.40219.1
Project("{FAE04EC0-301F-11D3-BF4B-00C04F79EFBC}") = "P7_1_714220040(1)", "P7_1_714220040(1)\P7_1_714220040(1).csproj", "{EAD2905E-D7D5-418A-A485-887C504124A8}"
EndProject
Global
	GlobalSection(SolutionConfigurationPlatforms) = preSolution
		Debug|Any CPU = Debug|Any CPU
		Release|Any CPU = Release|Any CPU
	EndGlobalSection
	GlobalSection(ProjectConfigurationPlatforms) = postSolution
		{EAD2905E-D7D5-418A-A485-887C504124A8}.Debug|Any CPU.ActiveCfg = Debug|Any CPU
		{EAD2905E-D7D5-418A-A485-887C504124A8}.Debug|Any CPU.Build.0 = Debug|Any CPU
		{EAD2905E-D7D5-418A-A485-887C504124A8}.Release|Any CPU.ActiveCfg = Release|Any CPU
		{EAD2905E-D7D5-418A-A485-887C504124A8}.Release|Any CPU.Build.0 = Release|Any CPU
	EndGlobalSection
	GlobalSection(SolutionProperties) = preSolution
		HideSolutionNode = FALSE
	EndGlobalSection
	GlobalSection(ExtensibilityGlobals) = postSolution
		SolutionGuid = {60FAED6F-3844-4514-BDD2-B22F77F11B3A}
	EndGlobalSection
EndGlobal
