
Microsoft Visual Studio Solution File, Format Version 12.00
# Visual Studio Version 17
VisualStudioVersion = 17.7.34031.279
MinimumVisualStudioVersion = 10.0.40219.1
Project("{FAE04EC0-301F-11D3-BF4B-00C04F79EFBC}") = "P3_3_714220040", "P3_3_714220040\P3_3_714220040.csproj", "{F6F41F5E-8E2D-4EC6-B4C0-34F5524A5D15}"
EndProject
Global
	GlobalSection(SolutionConfigurationPlatforms) = preSolution
		Debug|Any CPU = Debug|Any CPU
		Release|Any CPU = Release|Any CPU
	EndGlobalSection
	GlobalSection(ProjectConfigurationPlatforms) = postSolution
		{F6F41F5E-8E2D-4EC6-B4C0-34F5524A5D15}.Debug|Any CPU.ActiveCfg = Debug|Any CPU
		{F6F41F5E-8E2D-4EC6-B4C0-34F5524A5D15}.Debug|Any CPU.Build.0 = Debug|Any CPU
		{F6F41F5E-8E2D-4EC6-B4C0-34F5524A5D15}.Release|Any CPU.ActiveCfg = Release|Any CPU
		{F6F41F5E-8E2D-4EC6-B4C0-34F5524A5D15}.Release|Any CPU.Build.0 = Release|Any CPU
	EndGlobalSection
	GlobalSection(SolutionProperties) = preSolution
		HideSolutionNode = FALSE
	EndGlobalSection
	GlobalSection(ExtensibilityGlobals) = postSolution
		SolutionGuid = {98CC94FA-51A4-476C-A1AC-4BD9A9138F58}
	EndGlobalSection
EndGlobal
