
Microsoft Visual Studio Solution File, Format Version 12.00
# Visual Studio Version 17
VisualStudioVersion = 17.7.34031.279
MinimumVisualStudioVersion = 10.0.40219.1
Project("{FAE04EC0-301F-11D3-BF4B-00C04F79EFBC}") = "P6_1_714220040", "P6_1_714220040\P6_1_714220040.csproj", "{87DF7AA9-493B-4166-88E0-1442EF07152D}"
EndProject
Global
	GlobalSection(SolutionConfigurationPlatforms) = preSolution
		Debug|Any CPU = Debug|Any CPU
		Release|Any CPU = Release|Any CPU
	EndGlobalSection
	GlobalSection(ProjectConfigurationPlatforms) = postSolution
		{87DF7AA9-493B-4166-88E0-1442EF07152D}.Debug|Any CPU.ActiveCfg = Debug|Any CPU
		{87DF7AA9-493B-4166-88E0-1442EF07152D}.Debug|Any CPU.Build.0 = Debug|Any CPU
		{87DF7AA9-493B-4166-88E0-1442EF07152D}.Release|Any CPU.ActiveCfg = Release|Any CPU
		{87DF7AA9-493B-4166-88E0-1442EF07152D}.Release|Any CPU.Build.0 = Release|Any CPU
	EndGlobalSection
	GlobalSection(SolutionProperties) = preSolution
		HideSolutionNode = FALSE
	EndGlobalSection
	GlobalSection(ExtensibilityGlobals) = postSolution
		SolutionGuid = {4834D6FB-5971-4013-AAC5-730470F9CB3F}
	EndGlobalSection
EndGlobal
